<?xml version="1.0" encoding="utf-8"?>
<Project ToolsVersion="4.0" xmlns="http://schemas.microsoft.com/developer/msbuild/2003">
  <ItemGroup>
    <Filter Include="Source Files">
      <UniqueIdentifier>{4FC737F1-C7A5-4376-A066-2A32D752A2FF}</UniqueIdentifier>
      <Extensions>cpp;c;cc;cxx;def;odl;idl;hpj;bat;asm;asmx</Extensions>
    </Filter>
    <Filter Include="Header Files">
      <UniqueIdentifier>{93995380-89BD-4b04-88EB-625FBE52EBFB}</UniqueIdentifier>
      <Extensions>h;hpp;hxx;hm;inl;inc;xsd</Extensions>
    </Filter>
    <Filter Include="Resource Files">
      <UniqueIdentifier>{67DA6AB6-F800-4c08-8B7A-83BB121AAD01}</UniqueIdentifier>
      <Extensions>rc;ico;cur;bmp;dlg;rc2;rct;bin;rgs;gif;jpg;jpeg;jpe;resx;tiff;tif;png;wav;mfcribbon-ms</Extensions>
    </Filter>
  </ItemGroup>
  <ItemGroup>
    <ClCompile Include="1.二维数组中的查找.cpp">
      <Filter>Resource Files</Filter>
    </ClCompile>
    <ClCompile Include="2.替换空格.cpp">
      <Filter>Resource Files</Filter>
    </ClCompile>
    <ClCompile Include="3.从尾到头打印链表.cpp">
      <Filter>Resource Files</Filter>
    </ClCompile>
    <ClCompile Include="4.重建二叉树.cpp">
      <Filter>Resource Files</Filter>
    </ClCompile>
    <ClCompile Include="5.用栈实现队列.cpp">
      <Filter>Resource Files</Filter>
    </ClCompile>
    <ClCompile Include="6.两个排序数组的中位数.cpp">
      <Filter>Resource Files</Filter>
    </ClCompile>
    <ClCompile Include="7.反转链表.cpp">
      <Filter>Source Files</Filter>
    </ClCompile>
    <ClCompile Include="7.旋转数组的最小数字.cpp">
      <Filter>Resource Files</Filter>
    </ClCompile>
    <ClCompile Include="8.计算斐波那契数列.cpp">
      <Filter>Resource Files</Filter>
    </ClCompile>
    <ClCompile Include="9.跳台阶.cpp">
      <Filter>Resource Files</Filter>
    </ClCompile>
    <ClCompile Include="21.顺时针打印数组.cpp">
      <Filter>Resource Files</Filter>
    </ClCompile>
    <ClCompile Include="22.树的子结构.cpp">
      <Filter>Resource Files</Filter>
    </ClCompile>
    <ClCompile Include="23.最小的k个数.cpp">
      <Filter>Resource Files</Filter>
    </ClCompile>
    <ClCompile Include="30.第n个丑数.cpp">
      <Filter>Resource Files</Filter>
    </ClCompile>
    <ClCompile Include="31.第一次只出现一次的字符.cpp">
      <Filter>Resource Files</Filter>
    </ClCompile>
    <ClCompile Include="32.数组中的逆序对.cpp">
      <Filter>Resource Files</Filter>
    </ClCompile>
    <ClCompile Include="32.统计数字在排序数组中出现的次数.cpp">
      <Filter>Resource Files</Filter>
    </ClCompile>
    <ClCompile Include="33.字符串的排列.cpp">
      <Filter>Resource Files</Filter>
    </ClCompile>
    <ClCompile Include="33.字符串的所有组合.cpp">
      <Filter>Resource Files</Filter>
    </ClCompile>
    <ClCompile Include="34.八皇后问题.cpp">
      <Filter>Resource Files</Filter>
    </ClCompile>
    <ClCompile Include="35.判断二叉树是否平衡.cpp">
      <Filter>Resource Files</Filter>
    </ClCompile>
    <ClCompile Include="36.只出现一次的两个数字.cpp">
      <Filter>Resource Files</Filter>
    </ClCompile>
    <ClCompile Include="37.所有和为s的正数序列.cpp">
      <Filter>Resource Files</Filter>
    </ClCompile>
    <ClCompile Include="38.递增数组中和为s的两个数，乘积最小.cpp">
      <Filter>Resource Files</Filter>
    </ClCompile>
    <ClCompile Include="39.循环左移字符串.cpp">
      <Filter>Resource Files</Filter>
    </ClCompile>
    <ClCompile Include="40.翻转单词顺序.cpp">
      <Filter>Resource Files</Filter>
    </ClCompile>
    <ClCompile Include="41.n个色字的点数全排列.cpp">
      <Filter>Resource Files</Filter>
    </ClCompile>
    <ClCompile Include="42.所有可能的八皇后排列.cpp">
      <Filter>Resource Files</Filter>
    </ClCompile>
  </ItemGroup>
</Project>