<?xml version="1.0" encoding="utf-8"?>
<Project ToolsVersion="4.0" xmlns="http://schemas.microsoft.com/developer/msbuild/2003">
  <ItemGroup>
    <Filter Include="Source Files">
      <UniqueIdentifier>{4FC737F1-C7A5-4376-A066-2A32D752A2FF}</UniqueIdentifier>
      <Extensions>cpp;c;cc;cxx;def;odl;idl;hpj;bat;asm;asmx</Extensions>
    </Filter>
    <Filter Include="Header Files">
      <UniqueIdentifier>{93995380-89BD-4b04-88EB-625FBE52EBFB}</UniqueIdentifier>
      <Extensions>h;hpp;hxx;hm;inl;inc;xsd</Extensions>
    </Filter>
    <Filter Include="Resource Files">
      <UniqueIdentifier>{67DA6AB6-F800-4c08-8B7A-83BB121AAD01}</UniqueIdentifier>
      <Extensions>rc;ico;cur;bmp;dlg;rc2;rct;bin;rgs;gif;jpg;jpeg;jpe;resx;tiff;tif;png;wav;mfcribbon-ms</Extensions>
    </Filter>
    <Filter Include="Resource Files\pinduoduo">
      <UniqueIdentifier>{356c8eab-3849-4879-a164-0fb296143360}</UniqueIdentifier>
    </Filter>
  </ItemGroup>
  <ItemGroup>
    <ClCompile Include="1.二维数组中的查找.cpp">
      <Filter>Resource Files</Filter>
    </ClCompile>
    <ClCompile Include="2.替换空格.cpp">
      <Filter>Resource Files</Filter>
    </ClCompile>
    <ClCompile Include="3.从尾到头打印链表.cpp">
      <Filter>Resource Files</Filter>
    </ClCompile>
    <ClCompile Include="4.重建二叉树.cpp">
      <Filter>Resource Files</Filter>
    </ClCompile>
    <ClCompile Include="5.用栈实现队列.cpp">
      <Filter>Resource Files</Filter>
    </ClCompile>
    <ClCompile Include="6.两个排序数组的中位数.cpp">
      <Filter>Resource Files</Filter>
    </ClCompile>
    <ClCompile Include="7.反转链表.cpp">
      <Filter>Source Files</Filter>
    </ClCompile>
    <ClCompile Include="7.旋转数组的最小数字.cpp">
      <Filter>Resource Files</Filter>
    </ClCompile>
    <ClCompile Include="8.计算斐波那契数列.cpp">
      <Filter>Resource Files</Filter>
    </ClCompile>
    <ClCompile Include="9.跳台阶.cpp">
      <Filter>Resource Files</Filter>
    </ClCompile>
    <ClCompile Include="21.顺时针打印数组.cpp">
      <Filter>Resource Files</Filter>
    </ClCompile>
    <ClCompile Include="22.树的子结构.cpp">
      <Filter>Resource Files</Filter>
    </ClCompile>
    <ClCompile Include="23.最小的k个数.cpp">
      <Filter>Resource Files</Filter>
    </ClCompile>
    <ClCompile Include="30.第n个丑数.cpp">
      <Filter>Resource Files</Filter>
    </ClCompile>
    <ClCompile Include="31.第一次只出现一次的字符.cpp">
      <Filter>Resource Files</Filter>
    </ClCompile>
    <ClCompile Include="32.数组中的逆序对.cpp">
      <Filter>Resource Files</Filter>
    </ClCompile>
    <ClCompile Include="32.统计数字在排序数组中出现的次数.cpp">
      <Filter>Resource Files</Filter>
    </ClCompile>
    <ClCompile Include="33.字符串的排列.cpp">
      <Filter>Resource Files</Filter>
    </ClCompile>
    <ClCompile Include="33.字符串的所有组合.cpp">
      <Filter>Resource Files</Filter>
    </ClCompile>
    <ClCompile Include="34.八皇后问题.cpp">
      <Filter>Resource Files</Filter>
    </ClCompile>
    <ClCompile Include="35.判断二叉树是否平衡.cpp">
      <Filter>Resource Files</Filter>
    </ClCompile>
    <ClCompile Include="36.只出现一次的两个数字.cpp">
      <Filter>Resource Files</Filter>
    </ClCompile>
    <ClCompile Include="37.所有和为s的正数序列.cpp">
      <Filter>Resource Files</Filter>
    </ClCompile>
    <ClCompile Include="38.递增数组中和为s的两个数，乘积最小.cpp">
      <Filter>Resource Files</Filter>
    </ClCompile>
    <ClCompile Include="39.循环左移字符串.cpp">
      <Filter>Resource Files</Filter>
    </ClCompile>
    <ClCompile Include="40.翻转单词顺序.cpp">
      <Filter>Resource Files</Filter>
    </ClCompile>
    <ClCompile Include="41.n个色字的点数全排列.cpp">
      <Filter>Resource Files</Filter>
    </ClCompile>
    <ClCompile Include="42.所有可能的八皇后排列.cpp">
      <Filter>Resource Files</Filter>
    </ClCompile>
    <ClCompile Include="43.是否是顺子.cpp">
      <Filter>Resource Files</Filter>
    </ClCompile>
    <ClCompile Include="44.约瑟夫环.cpp">
      <Filter>Resource Files</Filter>
    </ClCompile>
    <ClCompile Include="45.不用加减乘除做加法.cpp">
      <Filter>Resource Files</Filter>
    </ClCompile>
    <ClCompile Include="46.不使用加减乘除计算和.cpp">
      <Filter>Resource Files</Filter>
    </ClCompile>
    <ClCompile Include="47.字符串转换为数字.cpp">
      <Filter>Resource Files</Filter>
    </ClCompile>
    <ClCompile Include="48.不用加减乘除做加法2.cpp">
      <Filter>Resource Files</Filter>
    </ClCompile>
    <ClCompile Include="49.数组中的第一个重复数字.cpp">
      <Filter>Resource Files</Filter>
    </ClCompile>
    <ClCompile Include="50.数组中第一个重复数字2.cpp">
      <Filter>Resource Files</Filter>
    </ClCompile>
    <ClCompile Include="51.构建乘积数组.cpp">
      <Filter>Resource Files</Filter>
    </ClCompile>
    <ClCompile Include="52.正则表达式匹配.cpp">
      <Filter>Resource Files</Filter>
    </ClCompile>
    <ClCompile Include="53.把二叉树打印成多行.cpp">
      <Filter>Resource Files</Filter>
    </ClCompile>
    <ClCompile Include="54.正则表达式匹配.cpp">
      <Filter>Resource Files</Filter>
    </ClCompile>
    <ClCompile Include="55.表示数值的字符串.cpp">
      <Filter>Resource Files</Filter>
    </ClCompile>
    <ClCompile Include="56.第一个只出现一次的字符.cpp">
      <Filter>Resource Files</Filter>
    </ClCompile>
    <ClCompile Include="57.链表环的入口结点.cpp">
      <Filter>Resource Files</Filter>
    </ClCompile>
    <ClCompile Include="list.cpp">
      <Filter>Resource Files</Filter>
    </ClCompile>
    <ClCompile Include="57-2.链表环的入口结点.cpp">
      <Filter>Resource Files</Filter>
    </ClCompile>
    <ClCompile Include="58.删除链表中的重复结点.cpp">
      <Filter>Resource Files</Filter>
    </ClCompile>
    <ClCompile Include="59.二叉树的下一个结点.cpp">
      <Filter>Resource Files</Filter>
    </ClCompile>
    <ClCompile Include="60.对称二叉树.cpp">
      <Filter>Resource Files</Filter>
    </ClCompile>
    <ClCompile Include="61.之字型打印二叉树.cpp">
      <Filter>Resource Files</Filter>
    </ClCompile>
    <ClCompile Include="62.序列化和反序列化二叉树.cpp">
      <Filter>Resource Files</Filter>
    </ClCompile>
    <ClCompile Include="63.返回二叉搜索树的第k大值.cpp">
      <Filter>Resource Files</Filter>
    </ClCompile>
    <ClCompile Include="64.数据流中的中位数_partition.cpp">
      <Filter>Resource Files</Filter>
    </ClCompile>
    <ClCompile Include="65.数据流的中位数_排序数组.cpp">
      <Filter>Resource Files</Filter>
    </ClCompile>
    <ClCompile Include="66.如何使用最大堆和最小堆.cpp">
      <Filter>Resource Files</Filter>
    </ClCompile>
    <ClCompile Include="67.数据流中的中位数_最大堆和最小堆.cpp">
      <Filter>Resource Files</Filter>
    </ClCompile>
    <ClCompile Include="68.括号匹配.cpp">
      <Filter>Resource Files</Filter>
    </ClCompile>
    <ClCompile Include="69-1.常数时间获取队列中的最大值.cpp">
      <Filter>Resource Files</Filter>
    </ClCompile>
    <ClCompile Include="69-2.滑动窗口的最大值.cpp">
      <Filter>Resource Files</Filter>
    </ClCompile>
    <ClCompile Include="69-3.滑动窗口的最大值_双端队列法.cpp">
      <Filter>Resource Files</Filter>
    </ClCompile>
    <ClCompile Include="70.字符矩阵中的路径.cpp">
      <Filter>Resource Files</Filter>
    </ClCompile>
    <ClCompile Include="71.机器人移动所能到达的格子数目.cpp">
      <Filter>Resource Files</Filter>
    </ClCompile>
    <ClCompile Include="3.尽可能多地将巧克力分出去.cpp">
      <Filter>Resource Files\pinduoduo</Filter>
    </ClCompile>
    <ClCompile Include="1.乘积最大的三个数.cpp">
      <Filter>Resource Files\pinduoduo</Filter>
    </ClCompile>
    <ClCompile Include="2.字符串计算乘积.cpp">
      <Filter>Resource Files\pinduoduo</Filter>
    </ClCompile>
  </ItemGroup>
  <ItemGroup>
    <ClInclude Include="list.h">
      <Filter>Resource Files</Filter>
    </ClInclude>
  </ItemGroup>
</Project>